#MicroXplorer Configuration settings - do not modify
ADC1.Channel-0\#ChannelRegularConversion=ADC_CHANNEL_2
ADC1.IPParameters=Rank-0\#ChannelRegularConversion,Channel-0\#ChannelRegularConversion,SamplingTime-0\#ChannelRegularConversion,OffsetNumber-0\#ChannelRegularConversion,OffsetSignedSaturation-0\#ChannelRegularConversion,NbrOfConversionFlag,master
ADC1.NbrOfConversionFlag=1
ADC1.OffsetNumber-0\#ChannelRegularConversion=ADC_OFFSET_NONE
ADC1.OffsetSignedSaturation-0\#ChannelRegularConversion=DISABLE
ADC1.Rank-0\#ChannelRegularConversion=1
ADC1.SamplingTime-0\#ChannelRegularConversion=ADC_SAMPLETIME_1CYCLE_5
ADC1.master=1
ADC3.Channel-0\#ChannelRegularConversion=ADC_CHANNEL_3
ADC3.IPParameters=Rank-0\#ChannelRegularConversion,Channel-0\#ChannelRegularConversion,SamplingTime-0\#ChannelRegularConversion,OffsetNumber-0\#ChannelRegularConversion,OffsetSignedSaturation-0\#ChannelRegularConversion,NbrOfConversionFlag
ADC3.NbrOfConversionFlag=1
ADC3.OffsetNumber-0\#ChannelRegularConversion=ADC_OFFSET_NONE
ADC3.OffsetSignedSaturation-0\#ChannelRegularConversion=DISABLE
ADC3.Rank-0\#ChannelRegularConversion=1
ADC3.SamplingTime-0\#ChannelRegularConversion=ADC_SAMPLETIME_1CYCLE_5
CAD.formats=
CAD.pinconfig=
CAD.provider=
CORTEX_M7.CPU_DCache=Enabled
CORTEX_M7.CPU_ICache=Enabled
CORTEX_M7.IPParameters=default_mode_Activation,CPU_ICache,CPU_DCache
CORTEX_M7.default_mode_Activation=1
DAC1.DAC_Channel-DAC_OUT1=DAC_CHANNEL_1
DAC1.IPParameters=DAC_Channel-DAC_OUT1
ETH.IPParameters=MediaInterface
ETH.MediaInterface=HAL_ETH_RMII_MODE
File.Version=6
GPIO.groupedBy=Group By Peripherals
I2C4.IPParameters=Timing
I2C4.Timing=0x00707CBB
KeepUserPlacement=false
MMTAppRegionsCount=0
MMTConfigApplied=false
Mcu.CPN=STM32H753ZIT6
Mcu.Family=STM32H7
Mcu.IP0=ADC1
Mcu.IP1=ADC3
Mcu.IP10=NVIC
Mcu.IP11=RCC
Mcu.IP12=SAI1
Mcu.IP13=SDMMC2
Mcu.IP14=SPI3
Mcu.IP15=SYS
Mcu.IP16=USB_OTG_HS
Mcu.IP2=CORTEX_M7
Mcu.IP3=DAC1
Mcu.IP4=DEBUG
Mcu.IP5=ETH
Mcu.IP6=HRTIM
Mcu.IP7=I2C4
Mcu.IP8=LPUART1
Mcu.IP9=MEMORYMAP
Mcu.IPNb=17
Mcu.Name=STM32H753ZITx
Mcu.Package=LQFP144
Mcu.Pin0=PE2
Mcu.Pin1=PE4
Mcu.Pin10=PH0-OSC_IN (PH0)
Mcu.Pin11=PC0
Mcu.Pin12=PC1
Mcu.Pin13=PC2_C
Mcu.Pin14=PC3_C
Mcu.Pin15=PA0
Mcu.Pin16=PA1
Mcu.Pin17=PA2
Mcu.Pin18=PA3
Mcu.Pin19=PA4
Mcu.Pin2=PE5
Mcu.Pin20=PA5
Mcu.Pin21=PA6
Mcu.Pin22=PA7
Mcu.Pin23=PC4
Mcu.Pin24=PC5
Mcu.Pin25=PB0
Mcu.Pin26=PB1
Mcu.Pin27=PB2
Mcu.Pin28=PF11
Mcu.Pin29=PF12
Mcu.Pin3=PE6
Mcu.Pin30=PF13
Mcu.Pin31=PF15
Mcu.Pin32=PG0
Mcu.Pin33=PG1
Mcu.Pin34=PE8
Mcu.Pin35=PE9
Mcu.Pin36=PE10
Mcu.Pin37=PE11
Mcu.Pin38=PE12
Mcu.Pin39=PE13
Mcu.Pin4=PC14-OSC32_IN (OSC32_IN)
Mcu.Pin40=PE14
Mcu.Pin41=PE15
Mcu.Pin42=PB10
Mcu.Pin43=PB11
Mcu.Pin44=PB12
Mcu.Pin45=PB13
Mcu.Pin46=PB14
Mcu.Pin47=PB15
Mcu.Pin48=PD12
Mcu.Pin49=PG2
Mcu.Pin5=PC15-OSC32_OUT (OSC32_OUT)
Mcu.Pin50=PG3
Mcu.Pin51=PG4
Mcu.Pin52=PG5
Mcu.Pin53=PG6
Mcu.Pin54=PG7
Mcu.Pin55=PG8
Mcu.Pin56=PA8
Mcu.Pin57=PA9
Mcu.Pin58=PA10
Mcu.Pin59=PA11
Mcu.Pin6=PF7
Mcu.Pin60=PA12
Mcu.Pin61=PA13 (JTMS/SWDIO)
Mcu.Pin62=PA14 (JTCK/SWCLK)
Mcu.Pin63=PA15 (JTDI)
Mcu.Pin64=PC10
Mcu.Pin65=PC11
Mcu.Pin66=PD6
Mcu.Pin67=PG9
Mcu.Pin68=PG11
Mcu.Pin69=PG12
Mcu.Pin7=PF8
Mcu.Pin70=PG13
Mcu.Pin71=PB3 (JTDO/TRACESWO)
Mcu.Pin72=PB4 (NJTRST)
Mcu.Pin73=PB5
Mcu.Pin74=PE0
Mcu.Pin75=PE1
Mcu.Pin76=VP_HRTIM_VS_hrtimTimerANoOutput
Mcu.Pin77=VP_RCC_USB
Mcu.Pin78=VP_SAI1_VP_$IpInstance_SAIA_SAI_BASIC
Mcu.Pin79=VP_SYS_VS_tim1
Mcu.Pin8=PF9
Mcu.Pin80=VP_MEMORYMAP_VS_MEMORYMAP
Mcu.Pin9=PF10
Mcu.PinsNb=81
Mcu.ThirdPartyNb=0
Mcu.UserConstants=
Mcu.UserName=STM32H753ZITx
MxCube.Version=6.15.0
MxDb.Version=DB.6.0.150
NVIC.BusFault_IRQn=true\:0\:0\:false\:false\:true\:false\:false\:false
NVIC.DebugMonitor_IRQn=true\:0\:0\:false\:false\:true\:false\:false\:false
NVIC.ForceEnableDMAVector=true
NVIC.HardFault_IRQn=true\:0\:0\:false\:false\:true\:false\:false\:false
NVIC.MemoryManagement_IRQn=true\:0\:0\:false\:false\:true\:false\:false\:false
NVIC.NonMaskableInt_IRQn=true\:0\:0\:false\:false\:true\:false\:false\:false
NVIC.PendSV_IRQn=true\:0\:0\:false\:false\:true\:false\:false\:false
NVIC.PriorityGroup=NVIC_PRIORITYGROUP_4
NVIC.SVCall_IRQn=true\:0\:0\:false\:false\:true\:false\:false\:false
NVIC.SysTick_IRQn=true\:15\:0\:false\:false\:true\:false\:true\:false
NVIC.TIM1_UP_IRQn=true\:15\:0\:false\:false\:true\:false\:true\:true
NVIC.TimeBase=TIM1_UP_IRQn
NVIC.TimeBaseIP=TIM1
NVIC.UsageFault_IRQn=true\:0\:0\:false\:false\:true\:false\:false\:false
PA0.GPIOParameters=GPIO_Label
PA0.GPIO_Label=SDCMD
PA0.Mode=SD_4_bits_Wide_bus
PA0.Signal=SDMMC2_CMD
PA1.GPIOParameters=GPIO_Label
PA1.GPIO_Label=EthCLK
PA1.Mode=RMII
PA1.Signal=ETH_REF_CLK
PA10.GPIOParameters=GPIO_PuPd,GPIO_Label
PA10.GPIO_Label=DbgUARTRx
PA10.GPIO_PuPd=GPIO_PULLUP
PA10.Mode=Asynchronous
PA10.Signal=LPUART1_RX
PA11.GPIOParameters=GPIO_PuPd,GPIO_Label
PA11.GPIO_Label=TxEnable
PA11.GPIO_PuPd=GPIO_PULLDOWN
PA11.Locked=true
PA11.Signal=GPIO_Output
PA12.GPIOParameters=GPIO_PuPd,GPIO_Label
PA12.GPIO_Label=TxPGOOD
PA12.GPIO_PuPd=GPIO_PULLDOWN
PA12.Locked=true
PA12.Signal=GPIO_Input
PA13\ (JTMS/SWDIO).GPIOParameters=GPIO_Label
PA13\ (JTMS/SWDIO).GPIO_Label=SWDIO
PA13\ (JTMS/SWDIO).Mode=Serial_Wire
PA13\ (JTMS/SWDIO).Signal=DEBUG_JTMS-SWDIO
PA14\ (JTCK/SWCLK).GPIOParameters=GPIO_Label
PA14\ (JTCK/SWCLK).GPIO_Label=SWCL
PA14\ (JTCK/SWCLK).Mode=Serial_Wire
PA14\ (JTCK/SWCLK).Signal=DEBUG_JTCK-SWCLK
PA15\ (JTDI).GPIOParameters=GPIO_Speed,GPIO_PuPd,GPIO_Label
PA15\ (JTDI).GPIO_Label=TxPhNSS
PA15\ (JTDI).GPIO_PuPd=GPIO_PULLUP
PA15\ (JTDI).GPIO_Speed=GPIO_SPEED_FREQ_MEDIUM
PA15\ (JTDI).Mode=NSS_Signal_Hard_Output
PA15\ (JTDI).Signal=SPI3_NSS
PA2.GPIOParameters=GPIO_Label
PA2.GPIO_Label=EthMDIO
PA2.Mode=RMII
PA2.Signal=ETH_MDIO
PA3.GPIOParameters=GPIO_Label
PA3.GPIO_Label=USBD0
PA3.Mode=Device_HS
PA3.Signal=USB_OTG_HS_ULPI_D0
PA4.GPIOParameters=GPIO_Label
PA4.GPIO_Label=TxAmplitude
PA4.Signal=COMP_DAC11_group
PA5.GPIOParameters=GPIO_Label
PA5.GPIO_Label=USBCLK
PA5.Mode=Device_HS
PA5.Signal=USB_OTG_HS_ULPI_CK
PA6.GPIOParameters=GPIO_PuPd,GPIO_Label
PA6.GPIO_Label=AUDIOnRESET
PA6.GPIO_PuPd=GPIO_PULLDOWN
PA6.Locked=true
PA6.Signal=GPIO_Output
PA7.GPIOParameters=GPIO_Label
PA7.GPIO_Label=EthCRS_DV
PA7.Mode=RMII
PA7.Signal=ETH_CRS_DV
PA8.GPIOParameters=GPIO_PuPd,GPIO_Label
PA8.GPIO_Label=nUSBFault
PA8.GPIO_PuPd=GPIO_PULLUP
PA8.Locked=true
PA8.Signal=GPIO_Input
PA9.GPIOParameters=GPIO_Label
PA9.GPIO_Label=DbgUARTTx
PA9.Mode=Asynchronous
PA9.Signal=LPUART1_TX
PB0.GPIOParameters=GPIO_Label
PB0.GPIO_Label=USBD1
PB0.Mode=Device_HS
PB0.Signal=USB_OTG_HS_ULPI_D1
PB1.GPIOParameters=GPIO_Label
PB1.GPIO_Label=USBD2
PB1.Mode=Device_HS
PB1.Signal=USB_OTG_HS_ULPI_D2
PB10.GPIOParameters=GPIO_Label
PB10.GPIO_Label=USBD3
PB10.Mode=Device_HS
PB10.Signal=USB_OTG_HS_ULPI_D3
PB11.GPIOParameters=GPIO_Label
PB11.GPIO_Label=USBD4
PB11.Mode=Device_HS
PB11.Signal=USB_OTG_HS_ULPI_D4
PB12.GPIOParameters=GPIO_Label
PB12.GPIO_Label=USBD5
PB12.Mode=Device_HS
PB12.Signal=USB_OTG_HS_ULPI_D5
PB13.GPIOParameters=GPIO_Label
PB13.GPIO_Label=USBD6
PB13.Mode=Device_HS
PB13.Signal=USB_OTG_HS_ULPI_D6
PB14.GPIOParameters=GPIO_Label
PB14.GPIO_Label=SDD0
PB14.Mode=SD_4_bits_Wide_bus
PB14.Signal=SDMMC2_D0
PB15.GPIOParameters=GPIO_Label
PB15.GPIO_Label=SDD1
PB15.Mode=SD_4_bits_Wide_bus
PB15.Signal=SDMMC2_D1
PB2.GPIOParameters=GPIO_Speed,GPIO_Label
PB2.GPIO_Label=TxPhMOSI
PB2.GPIO_Speed=GPIO_SPEED_FREQ_HIGH
PB2.Mode=Full_Duplex_Master
PB2.Signal=SPI3_MOSI
PB3\ (JTDO/TRACESWO).GPIOParameters=GPIO_Label
PB3\ (JTDO/TRACESWO).GPIO_Label=SDD2
PB3\ (JTDO/TRACESWO).Mode=SD_4_bits_Wide_bus
PB3\ (JTDO/TRACESWO).Signal=SDMMC2_D2
PB4\ (NJTRST).GPIOParameters=GPIO_Label
PB4\ (NJTRST).GPIO_Label=SDD3
PB4\ (NJTRST).Mode=SD_4_bits_Wide_bus
PB4\ (NJTRST).Signal=SDMMC2_D3
PB5.GPIOParameters=GPIO_Label
PB5.GPIO_Label=USBD7
PB5.Mode=Device_HS
PB5.Signal=USB_OTG_HS_ULPI_D7
PC0.GPIOParameters=GPIO_Label
PC0.GPIO_Label=USBSTP
PC0.Mode=Device_HS
PC0.Signal=USB_OTG_HS_ULPI_STP
PC1.GPIOParameters=GPIO_Label
PC1.GPIO_Label=EthMDC
PC1.Mode=RMII
PC1.Signal=ETH_MDC
PC10.GPIOParameters=GPIO_Speed,GPIO_Label
PC10.GPIO_Label=TxPhSCK
PC10.GPIO_Speed=GPIO_SPEED_FREQ_HIGH
PC10.Mode=Full_Duplex_Master
PC10.Signal=SPI3_SCK
PC11.GPIOParameters=GPIO_PuPd,GPIO_Label
PC11.GPIO_Label=TxPhMISO
PC11.GPIO_PuPd=GPIO_PULLUP
PC11.Mode=Full_Duplex_Master
PC11.Signal=SPI3_MISO
PC14-OSC32_IN\ (OSC32_IN).Mode=LSE-External-Oscillator
PC14-OSC32_IN\ (OSC32_IN).Signal=RCC_OSC32_IN
PC15-OSC32_OUT\ (OSC32_OUT).Mode=LSE-External-Oscillator
PC15-OSC32_OUT\ (OSC32_OUT).Signal=RCC_OSC32_OUT
PC2_C.GPIOParameters=GPIO_Label
PC2_C.GPIO_Label=USBDIR
PC2_C.Mode=Device_HS
PC2_C.Signal=USB_OTG_HS_ULPI_DIR
PC3_C.GPIOParameters=GPIO_Label
PC3_C.GPIO_Label=USBNXT
PC3_C.Mode=Device_HS
PC3_C.Signal=USB_OTG_HS_ULPI_NXT
PC4.GPIOParameters=GPIO_Label
PC4.GPIO_Label=EthRXD0
PC4.Mode=RMII
PC4.Signal=ETH_RXD0
PC5.GPIOParameters=GPIO_Label
PC5.GPIO_Label=EthRDX1
PC5.Mode=RMII
PC5.Signal=ETH_RXD1
PD12.GPIOParameters=GPIO_Label,GPIO_Pu,GPIO_Speed
PD12.GPIO_Label=AudioSCL
PD12.GPIO_Pu=GPIO_PULLUP
PD12.GPIO_Speed=GPIO_SPEED_FREQ_MEDIUM
PD12.Mode=I2C
PD12.Signal=I2C4_SCL
PD6.GPIOParameters=GPIO_Label
PD6.GPIO_Label=SDD1
PD6.Mode=SD_4_bits_Wide_bus
PD6.Signal=SDMMC2_CK
PE0.GPIOParameters=GPIO_PuPd,GPIO_Label
PE0.GPIO_Label=CDONE
PE0.GPIO_PuPd=GPIO_PULLDOWN
PE0.Locked=true
PE0.Signal=GPIO_Input
PE1.GPIOParameters=GPIO_PuPd,GPIO_Label
PE1.GPIO_Label=FPGA1V2enable
PE1.GPIO_PuPd=GPIO_PULLDOWN
PE1.Locked=true
PE1.Signal=GPIO_Output
PE10.GPIOParameters=GPIO_Speed,PinState,GPIO_PuPd,GPIO_Label,GPIO_ModeDefaultOutputPP
PE10.GPIO_Label=PAtankSelC2
PE10.GPIO_ModeDefaultOutputPP=GPIO_MODE_OUTPUT_PP
PE10.GPIO_PuPd=GPIO_PULLDOWN
PE10.GPIO_Speed=GPIO_SPEED_FREQ_LOW
PE10.Locked=true
PE10.PinState=GPIO_PIN_RESET
PE10.Signal=GPIO_Output
PE11.GPIOParameters=GPIO_Speed,PinState,GPIO_PuPd,GPIO_Label,GPIO_ModeDefaultOutputPP
PE11.GPIO_Label=PAtankSelC3
PE11.GPIO_ModeDefaultOutputPP=GPIO_MODE_OUTPUT_PP
PE11.GPIO_PuPd=GPIO_PULLDOWN
PE11.GPIO_Speed=GPIO_SPEED_FREQ_LOW
PE11.Locked=true
PE11.PinState=GPIO_PIN_RESET
PE11.Signal=GPIO_Output
PE12.GPIOParameters=GPIO_Speed,PinState,GPIO_PuPd,GPIO_Label,GPIO_ModeDefaultOutputPP
PE12.GPIO_Label=PAtankSelC4
PE12.GPIO_ModeDefaultOutputPP=GPIO_MODE_OUTPUT_PP
PE12.GPIO_PuPd=GPIO_PULLDOWN
PE12.GPIO_Speed=GPIO_SPEED_FREQ_LOW
PE12.Locked=true
PE12.PinState=GPIO_PIN_RESET
PE12.Signal=GPIO_Output
PE13.GPIOParameters=GPIO_Speed,PinState,GPIO_PuPd,GPIO_Label,GPIO_ModeDefaultOutputPP
PE13.GPIO_Label=PAtankSelC5
PE13.GPIO_ModeDefaultOutputPP=GPIO_MODE_OUTPUT_PP
PE13.GPIO_PuPd=GPIO_PULLDOWN
PE13.GPIO_Speed=GPIO_SPEED_FREQ_LOW
PE13.Locked=true
PE13.PinState=GPIO_PIN_RESET
PE13.Signal=GPIO_Output
PE14.GPIOParameters=GPIO_Speed,PinState,GPIO_PuPd,GPIO_Label,GPIO_ModeDefaultOutputPP
PE14.GPIO_Label=PAtankSelC6
PE14.GPIO_ModeDefaultOutputPP=GPIO_MODE_OUTPUT_PP
PE14.GPIO_PuPd=GPIO_PULLDOWN
PE14.GPIO_Speed=GPIO_SPEED_FREQ_LOW
PE14.Locked=true
PE14.PinState=GPIO_PIN_RESET
PE14.Signal=GPIO_Output
PE15.GPIOParameters=GPIO_Speed,PinState,GPIO_PuPd,GPIO_Label,GPIO_ModeDefaultOutputPP
PE15.GPIO_Label=PAtankSelC7
PE15.GPIO_ModeDefaultOutputPP=GPIO_MODE_OUTPUT_PP
PE15.GPIO_PuPd=GPIO_PULLDOWN
PE15.GPIO_Speed=GPIO_SPEED_FREQ_LOW
PE15.Locked=true
PE15.PinState=GPIO_PIN_RESET
PE15.Signal=GPIO_Output
PE2.GPIOParameters=GPIO_Speed,GPIO_Label
PE2.GPIO_Label=AudioMCLK
PE2.GPIO_Speed=GPIO_SPEED_FREQ_MEDIUM
PE2.Mode=SAI_A_MasterWithClock
PE2.Signal=SAI1_MCLK_A
PE4.GPIOParameters=GPIO_Label
PE4.GPIO_Label=AudioWCLK
PE4.Mode=SAI_A_MasterWithClock
PE4.Signal=SAI1_FS_A
PE5.GPIOParameters=GPIO_Speed,GPIO_Label
PE5.GPIO_Label=AudioBCLK
PE5.GPIO_Speed=GPIO_SPEED_FREQ_MEDIUM
PE5.Mode=SAI_A_MasterWithClock
PE5.Signal=SAI1_SCK_A
PE6.GPIOParameters=GPIO_Label
PE6.GPIO_Label=AudioDIN
PE6.Mode=SAI_A_MasterWithClock
PE6.Signal=SAI1_SD_A
PE8.GPIOParameters=GPIO_PuPd,GPIO_Label
PE8.GPIO_Label=PAtankSelC0
PE8.GPIO_PuPd=GPIO_PULLDOWN
PE8.Locked=true
PE8.Signal=GPIO_Output
PE9.GPIOParameters=GPIO_Speed,PinState,GPIO_PuPd,GPIO_Label,GPIO_ModeDefaultOutputPP
PE9.GPIO_Label=PAtankSelC1
PE9.GPIO_ModeDefaultOutputPP=GPIO_MODE_OUTPUT_PP
PE9.GPIO_PuPd=GPIO_PULLDOWN
PE9.GPIO_Speed=GPIO_SPEED_FREQ_LOW
PE9.Locked=true
PE9.PinState=GPIO_PIN_RESET
PE9.Signal=GPIO_Output
PF10.GPIOParameters=GPIO_Speed,PinState,GPIO_PuPd,GPIO_Label,GPIO_ModeDefaultOutputPP
PF10.GPIO_Label=PAtankSelL3
PF10.GPIO_ModeDefaultOutputPP=GPIO_MODE_OUTPUT_PP
PF10.GPIO_PuPd=GPIO_PULLDOWN
PF10.GPIO_Speed=GPIO_SPEED_FREQ_LOW
PF10.Locked=true
PF10.PinState=GPIO_PIN_RESET
PF10.Signal=GPIO_Output
PF11.GPIOParameters=GPIO_Label
PF11.GPIO_Label=AntRevV
PF11.Mode=IN2-Single-Ended
PF11.Signal=ADC1_INP2
PF12.GPIOParameters=GPIO_Label
PF12.GPIO_Label=EERVdd
PF12.Mode=IN6-Single-Ended
PF12.Signal=ADC1_INP6
PF13.Locked=true
PF13.Signal=GPIO_Input
PF15.GPIOParameters=GPIO_Speed,GPIO_Label,GPIO_Pu
PF15.GPIO_Label=AudioSDA
PF15.GPIO_Pu=GPIO_PULLUP
PF15.GPIO_Speed=GPIO_SPEED_FREQ_MEDIUM
PF15.Mode=I2C
PF15.Signal=I2C4_SDA
PF7.GPIOParameters=GPIO_Label
PF7.GPIO_Label=AntFwdV
PF7.Mode=IN3-Single-Ended
PF7.Signal=ADC3_INP3
PF8.GPIOParameters=GPIO_Speed,PinState,GPIO_PuPd,GPIO_Label,GPIO_ModeDefaultOutputPP
PF8.GPIO_Label=PAtankSelL1
PF8.GPIO_ModeDefaultOutputPP=GPIO_MODE_OUTPUT_PP
PF8.GPIO_PuPd=GPIO_PULLDOWN
PF8.GPIO_Speed=GPIO_SPEED_FREQ_LOW
PF8.Locked=true
PF8.PinState=GPIO_PIN_RESET
PF8.Signal=GPIO_Output
PF9.GPIOParameters=GPIO_Speed,PinState,GPIO_PuPd,GPIO_Label,GPIO_ModeDefaultOutputPP
PF9.GPIO_Label=PAtankSelL2
PF9.GPIO_ModeDefaultOutputPP=GPIO_MODE_OUTPUT_PP
PF9.GPIO_PuPd=GPIO_PULLDOWN
PF9.GPIO_Speed=GPIO_SPEED_FREQ_LOW
PF9.Locked=true
PF9.PinState=GPIO_PIN_RESET
PF9.Signal=GPIO_Output
PG0.Locked=true
PG0.Signal=GPIO_Output
PG1.GPIOParameters=GPIO_Speed,PinState,GPIO_PuPd,GPIO_Label,GPIO_ModeDefaultOutputPP
PG1.GPIO_Label=Band80m
PG1.GPIO_ModeDefaultOutputPP=GPIO_MODE_OUTPUT_PP
PG1.GPIO_PuPd=GPIO_PULLDOWN
PG1.GPIO_Speed=GPIO_SPEED_FREQ_LOW
PG1.Locked=true
PG1.PinState=GPIO_PIN_RESET
PG1.Signal=GPIO_Output
PG11.GPIOParameters=GPIO_Label
PG11.GPIO_Label=EthTxEnable
PG11.Mode=RMII
PG11.Signal=ETH_TX_EN
PG12.GPIOParameters=GPIO_Label
PG12.GPIO_Label=EthTXD1
PG12.Mode=RMII
PG12.Signal=ETH_TXD1
PG13.GPIOParameters=GPIO_Label
PG13.GPIO_Label=EthTXD0
PG13.Mode=RMII
PG13.Signal=ETH_TXD0
PG2.GPIOParameters=GPIO_Speed,PinState,GPIO_PuPd,GPIO_Label,GPIO_ModeDefaultOutputPP
PG2.GPIO_Label=Band60m
PG2.GPIO_ModeDefaultOutputPP=GPIO_MODE_OUTPUT_PP
PG2.GPIO_PuPd=GPIO_PULLDOWN
PG2.GPIO_Speed=GPIO_SPEED_FREQ_LOW
PG2.Locked=true
PG2.PinState=GPIO_PIN_RESET
PG2.Signal=GPIO_Output
PG3.GPIOParameters=GPIO_Speed,PinState,GPIO_PuPd,GPIO_Label,GPIO_ModeDefaultOutputPP
PG3.GPIO_Label=Band40m
PG3.GPIO_ModeDefaultOutputPP=GPIO_MODE_OUTPUT_PP
PG3.GPIO_PuPd=GPIO_PULLDOWN
PG3.GPIO_Speed=GPIO_SPEED_FREQ_LOW
PG3.Locked=true
PG3.PinState=GPIO_PIN_RESET
PG3.Signal=GPIO_Output
PG4.GPIOParameters=GPIO_Speed,PinState,GPIO_PuPd,GPIO_Label,GPIO_ModeDefaultOutputPP
PG4.GPIO_Label=Band30m
PG4.GPIO_ModeDefaultOutputPP=GPIO_MODE_OUTPUT_PP
PG4.GPIO_PuPd=GPIO_PULLDOWN
PG4.GPIO_Speed=GPIO_SPEED_FREQ_LOW
PG4.Locked=true
PG4.PinState=GPIO_PIN_RESET
PG4.Signal=GPIO_Output
PG5.GPIOParameters=GPIO_Speed,PinState,GPIO_PuPd,GPIO_Label,GPIO_ModeDefaultOutputPP
PG5.GPIO_Label=Band20m
PG5.GPIO_ModeDefaultOutputPP=GPIO_MODE_OUTPUT_PP
PG5.GPIO_PuPd=GPIO_PULLDOWN
PG5.GPIO_Speed=GPIO_SPEED_FREQ_LOW
PG5.Locked=true
PG5.PinState=GPIO_PIN_RESET
PG5.Signal=GPIO_Output
PG6.GPIOParameters=GPIO_Speed,PinState,GPIO_PuPd,GPIO_Label,GPIO_ModeDefaultOutputPP
PG6.GPIO_Label=Band17m
PG6.GPIO_ModeDefaultOutputPP=GPIO_MODE_OUTPUT_PP
PG6.GPIO_PuPd=GPIO_PULLDOWN
PG6.GPIO_Speed=GPIO_SPEED_FREQ_LOW
PG6.Locked=true
PG6.PinState=GPIO_PIN_RESET
PG6.Signal=GPIO_Output
PG7.GPIOParameters=GPIO_Speed,PinState,GPIO_PuPd,GPIO_Label,GPIO_ModeDefaultOutputPP
PG7.GPIO_Label=Band15m
PG7.GPIO_ModeDefaultOutputPP=GPIO_MODE_OUTPUT_PP
PG7.GPIO_PuPd=GPIO_PULLDOWN
PG7.GPIO_Speed=GPIO_SPEED_FREQ_LOW
PG7.Locked=true
PG7.PinState=GPIO_PIN_RESET
PG7.Signal=GPIO_Output
PG8.GPIOParameters=GPIO_Speed,PinState,GPIO_PuPd,GPIO_Label,GPIO_ModeDefaultOutputPP
PG8.GPIO_Label=Band12m
PG8.GPIO_ModeDefaultOutputPP=GPIO_MODE_OUTPUT_PP
PG8.GPIO_PuPd=GPIO_PULLDOWN
PG8.GPIO_Speed=GPIO_SPEED_FREQ_LOW
PG8.Locked=true
PG8.PinState=GPIO_PIN_RESET
PG8.Signal=GPIO_Output
PG9.GPIOParameters=GPIO_Speed,PinState,GPIO_PuPd,GPIO_Label,GPIO_ModeDefaultOutputPP
PG9.GPIO_Label=Band10m
PG9.GPIO_ModeDefaultOutputPP=GPIO_MODE_OUTPUT_PP
PG9.GPIO_PuPd=GPIO_PULLDOWN
PG9.GPIO_Speed=GPIO_SPEED_FREQ_LOW
PG9.Locked=true
PG9.PinState=GPIO_PIN_RESET
PG9.Signal=GPIO_Output
PH0-OSC_IN\ (PH0).GPIOParameters=GPIO_Label
PH0-OSC_IN\ (PH0).GPIO_Label=STM32clock
PH0-OSC_IN\ (PH0).Mode=HSE-External-Clock-Source
PH0-OSC_IN\ (PH0).Signal=RCC_OSC_IN
PinOutPanel.RotationAngle=-90
ProjectManager.AskForMigrate=true
ProjectManager.BackupPrevious=false
ProjectManager.CompilerLinker=GCC
ProjectManager.CompilerOptimize=6
ProjectManager.ComputerToolchain=false
ProjectManager.CoupleFile=true
ProjectManager.CustomerFirmwarePackage=
ProjectManager.DefaultFWLocation=true
ProjectManager.DeletePrevious=true
ProjectManager.DeviceId=STM32H753ZITx
ProjectManager.FirmwarePackage=STM32Cube FW_H7 V1.12.1
ProjectManager.FreePins=true
ProjectManager.HalAssertFull=false
ProjectManager.HeapSize=0x200
ProjectManager.KeepUserCode=true
ProjectManager.LastFirmware=true
ProjectManager.LibraryCopy=0
ProjectManager.MainLocation=Core/Src
ProjectManager.NoMain=false
ProjectManager.PreviousToolchain=
ProjectManager.ProjectBuild=false
ProjectManager.ProjectFileName=fw.ioc
ProjectManager.ProjectName=fw
ProjectManager.ProjectStructure=
ProjectManager.RegisterCallBack=
ProjectManager.StackSize=0x400
ProjectManager.TargetToolchain=CMake
ProjectManager.ToolChainLocation=
ProjectManager.UAScriptAfterPath=
ProjectManager.UAScriptBeforePath=
ProjectManager.UnderRoot=false
ProjectManager.functionlistsort=1-SystemClock_Config-RCC-false-HAL-false,2-MX_GPIO_Init-GPIO-false-HAL-true,3-MX_DAC1_Init-DAC1-false-HAL-true,4-MX_ETH_Init-ETH-false-HAL-true,5-MX_HRTIM_Init-HRTIM-false-HAL-true,6-MX_SAI1_Init-SAI1-false-HAL-true,7-MX_ADC1_Init-ADC1-false-HAL-true,8-MX_I2C4_Init-I2C4-false-HAL-true,9-MX_LPUART1_UART_Init-LPUART1-false-HAL-true,10-MX_SDMMC2_SD_Init-SDMMC2-false-HAL-true,11-MX_SPI3_Init-SPI3-false-HAL-true,12-MX_USB_OTG_HS_PCD_Init-USB_OTG_HS-false-HAL-true,0-MX_CORTEX_M7_Init-CORTEX_M7-false-HAL-true
RCC.ADCFreq_Value=75000000
RCC.AHB12Freq_Value=64000000
RCC.AHB4Freq_Value=64000000
RCC.APB1Freq_Value=64000000
RCC.APB2Freq_Value=64000000
RCC.APB3Freq_Value=32000000
RCC.APB4Freq_Value=32000000
RCC.AXIClockFreq_Value=64000000
RCC.CECFreq_Value=32000
RCC.CKPERFreq_Value=64000000
RCC.CortexFreq_Value=64000000
RCC.CpuClockFreq_Value=64000000
RCC.D1CPREFreq_Value=64000000
RCC.D1PPRE=RCC_APB3_DIV2
RCC.D3PPRE=RCC_APB4_DIV2
RCC.DFSDMACLkFreq_Value=50000000
RCC.DFSDMFreq_Value=64000000
RCC.DIVM1=2
RCC.DIVM2=2
RCC.DIVN1=12
RCC.DIVN2=12
RCC.DIVP1Freq_Value=75000000
RCC.DIVP2Freq_Value=75000000
RCC.DIVP3Freq_Value=50390625
RCC.DIVQ1=3
RCC.DIVQ1Freq_Value=50000000
RCC.DIVQ2Freq_Value=75000000
RCC.DIVQ3Freq_Value=50390625
RCC.DIVR1Freq_Value=75000000
RCC.DIVR2Freq_Value=75000000
RCC.DIVR3Freq_Value=50390625
RCC.FDCANFreq_Value=50000000
RCC.FMCFreq_Value=64000000
RCC.FamilyName=M
RCC.HCLK3ClockFreq_Value=64000000
RCC.HCLKFreq_Value=64000000
RCC.HRTIMFreq_Value=64000000
RCC.I2C123Freq_Value=64000000
RCC.I2C4Freq_Value=32000000
RCC.IPParameters=ADCFreq_Value,AHB12Freq_Value,AHB4Freq_Value,APB1Freq_Value,APB2Freq_Value,APB3Freq_Value,APB4Freq_Value,AXIClockFreq_Value,CECFreq_Value,CKPERFreq_Value,CortexFreq_Value,CpuClockFreq_Value,D1CPREFreq_Value,D1PPRE,D3PPRE,DFSDMACLkFreq_Value,DFSDMFreq_Value,DIVM1,DIVM2,DIVN1,DIVN2,DIVP1Freq_Value,DIVP2Freq_Value,DIVP3Freq_Value,DIVQ1,DIVQ1Freq_Value,DIVQ2Freq_Value,DIVQ3Freq_Value,DIVR1Freq_Value,DIVR2Freq_Value,DIVR3Freq_Value,FDCANFreq_Value,FMCFreq_Value,FamilyName,HCLK3ClockFreq_Value,HCLKFreq_Value,HRTIMFreq_Value,I2C123Freq_Value,I2C4Freq_Value,LPTIM1Freq_Value,LPTIM2Freq_Value,LPTIM345Freq_Value,LPUART1Freq_Value,LTDCFreq_Value,MCO1PinFreq_Value,MCO2PinFreq_Value,PLL2FRACN,PLL3FRACN,PLLFRACN,QSPIFreq_Value,RNGFreq_Value,RTCFreq_Value,SAI1Freq_Value,SAI23Freq_Value,SAI4AFreq_Value,SAI4BFreq_Value,SDMMCFreq_Value,SPDIFRXFreq_Value,SPI123Freq_Value,SPI45Freq_Value,SPI6Freq_Value,SWPMI1Freq_Value,SYSCLKFreq_VALUE,Tim1OutputFreq_Value,Tim2OutputFreq_Value,TraceFreq_Value,USART16Freq_Value,USART234578Freq_Value,USBFreq_Value,VCO1OutputFreq_Value,VCO2OutputFreq_Value,VCO3OutputFreq_Value,VCOInput1Freq_Value,VCOInput2Freq_Value,VCOInput3Freq_Value
RCC.LPTIM1Freq_Value=64000000
RCC.LPTIM2Freq_Value=32000000
RCC.LPTIM345Freq_Value=32000000
RCC.LPUART1Freq_Value=32000000
RCC.LTDCFreq_Value=50390625
RCC.MCO1PinFreq_Value=64000000
RCC.MCO2PinFreq_Value=64000000
RCC.PLL2FRACN=0
RCC.PLL3FRACN=0
RCC.PLLFRACN=0
RCC.QSPIFreq_Value=64000000
RCC.RNGFreq_Value=48000000
RCC.RTCFreq_Value=32000
RCC.SAI1Freq_Value=50000000
RCC.SAI23Freq_Value=50000000
RCC.SAI4AFreq_Value=50000000
RCC.SAI4BFreq_Value=50000000
RCC.SDMMCFreq_Value=50000000
RCC.SPDIFRXFreq_Value=50000000
RCC.SPI123Freq_Value=50000000
RCC.SPI45Freq_Value=64000000
RCC.SPI6Freq_Value=32000000
RCC.SWPMI1Freq_Value=64000000
RCC.SYSCLKFreq_VALUE=64000000
RCC.Tim1OutputFreq_Value=64000000
RCC.Tim2OutputFreq_Value=64000000
RCC.TraceFreq_Value=64000000
RCC.USART16Freq_Value=64000000
RCC.USART234578Freq_Value=64000000
RCC.USBFreq_Value=50000000
RCC.VCO1OutputFreq_Value=150000000
RCC.VCO2OutputFreq_Value=150000000
RCC.VCO3OutputFreq_Value=100781250
RCC.VCOInput1Freq_Value=12500000
RCC.VCOInput2Freq_Value=12500000
RCC.VCOInput3Freq_Value=781250
SAI1.AudioFrequency-SAI_A_MasterWithClock=SAI_AUDIO_FREQUENCY_48K
SAI1.BasicDataSize-SAI_A_MasterWithClock=SAI_PROTOCOL_DATASIZE_24BIT
SAI1.ErrorAudioFreq-SAI_A_MasterWithClock=306.89 %
SAI1.IPParameters=Instance-SAI_A_MasterWithClock,VirtualMode-SAI_A_MasterWithClock,MClockEnable-SAI_A_MasterWithClock,RealAudioFreq-SAI_A_MasterWithClock,ErrorAudioFreq-SAI_A_MasterWithClock,InitProtocol-SAI_A_MasterWithClock,VirtualProtocol-SAI_A_BASIC,BasicDataSize-SAI_A_MasterWithClock,AudioFrequency-SAI_A_MasterWithClock
SAI1.InitProtocol-SAI_A_MasterWithClock=Enable
SAI1.Instance-SAI_A_MasterWithClock=SAI$Index_Block_A
SAI1.MClockEnable-SAI_A_MasterWithClock=SAI_MASTERCLOCK_ENABLE
SAI1.RealAudioFreq-SAI_A_MasterWithClock=195.312 KHz
SAI1.VirtualMode-SAI_A_MasterWithClock=VM_MASTER
SAI1.VirtualProtocol-SAI_A_BASIC=VM_BASIC_PROTOCOL
SH.COMP_DAC11_group.0=DAC1_OUT1,DAC_OUT1
SH.COMP_DAC11_group.ConfNb=1
SPI3.CalculateBaudRate=25.0 MBits/s
SPI3.Direction=SPI_DIRECTION_2LINES
SPI3.IPParameters=VirtualType,Mode,Direction,CalculateBaudRate,VirtualNSS
SPI3.Mode=SPI_MODE_MASTER
SPI3.VirtualNSS=VM_NSSHARD
SPI3.VirtualType=VM_MASTER
USB_OTG_HS.IPParameters=VirtualMode-Device_HS
USB_OTG_HS.VirtualMode-Device_HS=Device_HS
VP_HRTIM_VS_hrtimTimerANoOutput.Mode=No_output_TA
VP_HRTIM_VS_hrtimTimerANoOutput.Signal=HRTIM_VS_hrtimTimerANoOutput
VP_MEMORYMAP_VS_MEMORYMAP.Mode=CurAppReg
VP_MEMORYMAP_VS_MEMORYMAP.Signal=MEMORYMAP_VS_MEMORYMAP
VP_RCC_USB.Mode=USB_HS
VP_RCC_USB.Signal=RCC_USB
VP_SAI1_VP_$IpInstance_SAIA_SAI_BASIC.Mode=SAI_A_BASIC
VP_SAI1_VP_$IpInstance_SAIA_SAI_BASIC.Signal=SAI1_VP_$IpInstance_SAIA_SAI_BASIC
VP_SYS_VS_tim1.Mode=TIM1
VP_SYS_VS_tim1.Signal=SYS_VS_tim1
board=custom
